
Microsoft Visual Studio Solution File, Format Version 12.00
# Visual Studio Version 17
VisualStudioVersion = 17.6.33829.357
MinimumVisualStudioVersion = 10.0.40219.1
Project("{8BC9CEB8-8B4A-11D0-8D11-00A0C91BC942}") = "Rebecca.SC.Liar'sDice", "Rebecca.SC.Liar'sDice.vcxproj", "{73B00C53-DE53-49D3-B152-500B0CCAABD4}"
EndProject
Global
	GlobalSection(SolutionConfigurationPlatforms) = preSolution
		Debug|x64 = Debug|x64
		Debug|x86 = Debug|x86
		Release|x64 = Release|x64
		Release|x86 = Release|x86
	EndGlobalSection
	GlobalSection(ProjectConfigurationPlatforms) = postSolution
		{73B00C53-DE53-49D3-B152-500B0CCAABD4}.Debug|x64.ActiveCfg = Debug|x64
		{73B00C53-DE53-49D3-B152-500B0CCAABD4}.Debug|x64.Build.0 = Debug|x64
		{73B00C53-DE53-49D3-B152-500B0CCAABD4}.Debug|x86.ActiveCfg = Debug|Win32
		{73B00C53-DE53-49D3-B152-500B0CCAABD4}.Debug|x86.Build.0 = Debug|Win32
		{73B00C53-DE53-49D3-B152-500B0CCAABD4}.Release|x64.ActiveCfg = Release|x64
		{73B00C53-DE53-49D3-B152-500B0CCAABD4}.Release|x64.Build.0 = Release|x64
		{73B00C53-DE53-49D3-B152-500B0CCAABD4}.Release|x86.ActiveCfg = Release|Win32
		{73B00C53-DE53-49D3-B152-500B0CCAABD4}.Release|x86.Build.0 = Release|Win32
	EndGlobalSection
	GlobalSection(SolutionProperties) = preSolution
		HideSolutionNode = FALSE
	EndGlobalSection
	GlobalSection(ExtensibilityGlobals) = postSolution
		SolutionGuid = {0E07548F-A86C-4E6F-BDE3-62B1C438ED54}
	EndGlobalSection
EndGlobal
